
Microsoft Visual Studio Solution File, Format Version 12.00
# Visual Studio Version 17
VisualStudioVersion = 17.1.32328.378
MinimumVisualStudioVersion = 10.0.40219.1
Project("{FAE04EC0-301F-11D3-BF4B-00C04F79EFBC}") = "AuthorizationServer", "AuthorizationServer\AuthorizationServer.csproj", "{138F702E-5703-434C-8D27-6C3ED921D818}"
EndProject
Project("{FAE04EC0-301F-11D3-BF4B-00C04F79EFBC}") = "ResourceServer", "ResourceServer\ResourceServer.csproj", "{A561EADF-4CF6-4568-A5F3-2A3CB5CB8D60}"
EndProject
Global
	GlobalSection(SolutionConfigurationPlatforms) = preSolution
		Debug|Any CPU = Debug|Any CPU
		Release|Any CPU = Release|Any CPU
	EndGlobalSection
	GlobalSection(ProjectConfigurationPlatforms) = postSolution
		{138F702E-5703-434C-8D27-6C3ED921D818}.Debug|Any CPU.ActiveCfg = Debug|Any CPU
		{138F702E-5703-434C-8D27-6C3ED921D818}.Debug|Any CPU.Build.0 = Debug|Any CPU
		{138F702E-5703-434C-8D27-6C3ED921D818}.Release|Any CPU.ActiveCfg = Release|Any CPU
		{138F702E-5703-434C-8D27-6C3ED921D818}.Release|Any CPU.Build.0 = Release|Any CPU
		{A561EADF-4CF6-4568-A5F3-2A3CB5CB8D60}.Debug|Any CPU.ActiveCfg = Debug|Any CPU
		{A561EADF-4CF6-4568-A5F3-2A3CB5CB8D60}.Debug|Any CPU.Build.0 = Debug|Any CPU
		{A561EADF-4CF6-4568-A5F3-2A3CB5CB8D60}.Release|Any CPU.ActiveCfg = Release|Any CPU
		{A561EADF-4CF6-4568-A5F3-2A3CB5CB8D60}.Release|Any CPU.Build.0 = Release|Any CPU
	EndGlobalSection
	GlobalSection(SolutionProperties) = preSolution
		HideSolutionNode = FALSE
	EndGlobalSection
	GlobalSection(ExtensibilityGlobals) = postSolution
		SolutionGuid = {2EF3C92E-4DA3-443B-956C-21E3027F6B96}
	EndGlobalSection
EndGlobal
